
Microsoft Visual Studio Solution File, Format Version 12.00
# Visual Studio 2013
VisualStudioVersion = 12.0.30723.0
MinimumVisualStudioVersion = 10.0.40219.1
Project("{FAE04EC0-301F-11D3-BF4B-00C04F79EFBC}") = "WebApiAngularAuth", "WebApiAngularAuth\WebApiAngularAuth.csproj", "{96FF0DC4-3939-4892-A0B8-1CD9790DD92A}"
EndProject
Global
	GlobalSection(SolutionConfigurationPlatforms) = preSolution
		Debug|Any CPU = Debug|Any CPU
		Release|Any CPU = Release|Any CPU
	EndGlobalSection
	GlobalSection(ProjectConfigurationPlatforms) = postSolution
		{96FF0DC4-3939-4892-A0B8-1CD9790DD92A}.Debug|Any CPU.ActiveCfg = Debug|Any CPU
		{96FF0DC4-3939-4892-A0B8-1CD9790DD92A}.Debug|Any CPU.Build.0 = Debug|Any CPU
		{96FF0DC4-3939-4892-A0B8-1CD9790DD92A}.Release|Any CPU.ActiveCfg = Release|Any CPU
		{96FF0DC4-3939-4892-A0B8-1CD9790DD92A}.Release|Any CPU.Build.0 = Release|Any CPU
	EndGlobalSection
	GlobalSection(SolutionProperties) = preSolution
		HideSolutionNode = FALSE
	EndGlobalSection
EndGlobal
